// !$*UTF8*$!
{
	archiveVersion = 1;
	classes = {
	};
	objectVersion = 55;
	objects = {

/* Begin PBXBuildFile section */
		811819B7273EE11000F0994B /* PlantDetailsImage.swift in Sources */ = {isa = PBXBuildFile; fileRef = 811819B6273EE11000F0994B /* PlantDetailsImage.swift */; };
		811819B9273EE44300F0994B /* PlantDetailsHeader.swift in Sources */ = {isa = PBXBuildFile; fileRef = 811819B8273EE44300F0994B /* PlantDetailsHeader.swift */; };
		811819BC273F089C00F0994B /* ImageViewer in Frameworks */ = {isa = PBXBuildFile; productRef = 811819BB273F089C00F0994B /* ImageViewer */; };
		811819BE273F089C00F0994B /* ImageViewerRemote in Frameworks */ = {isa = PBXBuildFile; productRef = 811819BD273F089C00F0994B /* ImageViewerRemote */; };
		811819C0273F13EA00F0994B /* DetailsViewDismissButton.swift in Sources */ = {isa = PBXBuildFile; fileRef = 811819BF273F13EA00F0994B /* DetailsViewDismissButton.swift */; };
		811819C2273F4F0400F0994B /* PlantDetails.swift in Sources */ = {isa = PBXBuildFile; fileRef = 811819C1273F4F0400F0994B /* PlantDetails.swift */; };
		811819C427403A8300F0994B /* ScrollRefreshable.swift in Sources */ = {isa = PBXBuildFile; fileRef = 811819C327403A8300F0994B /* ScrollRefreshable.swift */; };
		812592712730320F00BCBD7E /* PlantCareApp.swift in Sources */ = {isa = PBXBuildFile; fileRef = 812592702730320F00BCBD7E /* PlantCareApp.swift */; };
		812592732730320F00BCBD7E /* ContentView.swift in Sources */ = {isa = PBXBuildFile; fileRef = 812592722730320F00BCBD7E /* ContentView.swift */; };
		812592752730321000BCBD7E /* Assets.xcassets in Resources */ = {isa = PBXBuildFile; fileRef = 812592742730321000BCBD7E /* Assets.xcassets */; };
		812592782730321000BCBD7E /* Preview Assets.xcassets in Resources */ = {isa = PBXBuildFile; fileRef = 812592772730321000BCBD7E /* Preview Assets.xcassets */; };
		8125929A2730341900BCBD7E /* AppDelegate.swift in Sources */ = {isa = PBXBuildFile; fileRef = 812592992730341900BCBD7E /* AppDelegate.swift */; };
		812592A527303FE100BCBD7E /* UserData.swift in Sources */ = {isa = PBXBuildFile; fileRef = 812592A427303FE100BCBD7E /* UserData.swift */; };
		8154E43C27397F800070B0E9 /* OnboardingInfoConfirmation.swift in Sources */ = {isa = PBXBuildFile; fileRef = 8154E43B27397F800070B0E9 /* OnboardingInfoConfirmation.swift */; };
		8154E43E273980950070B0E9 /* OnboardingWelcome.swift in Sources */ = {isa = PBXBuildFile; fileRef = 8154E43D273980950070B0E9 /* OnboardingWelcome.swift */; };
		8154E441273983740070B0E9 /* LoadingScreen.swift in Sources */ = {isa = PBXBuildFile; fileRef = 8154E440273983740070B0E9 /* LoadingScreen.swift */; };
		8154E444273984AE0070B0E9 /* LoginScreen.swift in Sources */ = {isa = PBXBuildFile; fileRef = 8154E443273984AE0070B0E9 /* LoginScreen.swift */; };
		8154E44C27399D4B0070B0E9 /* BottomNavigationBar.swift in Sources */ = {isa = PBXBuildFile; fileRef = 8154E44B27399D4B0070B0E9 /* BottomNavigationBar.swift */; };
		8154E44E2739A86E0070B0E9 /* MainContainer.swift in Sources */ = {isa = PBXBuildFile; fileRef = 8154E44D2739A86E0070B0E9 /* MainContainer.swift */; };
		8154E4512739A9930070B0E9 /* BottomBarSection.swift in Sources */ = {isa = PBXBuildFile; fileRef = 8154E4502739A9930070B0E9 /* BottomBarSection.swift */; };
		8154E4532739C4F50070B0E9 /* Home.swift in Sources */ = {isa = PBXBuildFile; fileRef = 8154E4522739C4F50070B0E9 /* Home.swift */; };
		8154E4572739C5770070B0E9 /* MyPlants.swift in Sources */ = {isa = PBXBuildFile; fileRef = 8154E4562739C5770070B0E9 /* MyPlants.swift */; };
		8154E4592739C58D0070B0E9 /* Settings.swift in Sources */ = {isa = PBXBuildFile; fileRef = 8154E4582739C58D0070B0E9 /* Settings.swift */; };
		8154E45C2739CFDA0070B0E9 /* SearchField.swift in Sources */ = {isa = PBXBuildFile; fileRef = 8154E45B2739CFDA0070B0E9 /* SearchField.swift */; };
		8154E45F273AEA570070B0E9 /* ArrayExtensions.swift in Sources */ = {isa = PBXBuildFile; fileRef = 8154E45E273AEA570070B0E9 /* ArrayExtensions.swift */; };
		8154E461273AEA910070B0E9 /* ViewExtensions.swift in Sources */ = {isa = PBXBuildFile; fileRef = 8154E460273AEA910070B0E9 /* ViewExtensions.swift */; };
		8154E466273AFF450070B0E9 /* PlantListingActionBar.swift in Sources */ = {isa = PBXBuildFile; fileRef = 8154E465273AFF450070B0E9 /* PlantListingActionBar.swift */; };
		8154E468273B00440070B0E9 /* PlantList.swift in Sources */ = {isa = PBXBuildFile; fileRef = 8154E467273B00440070B0E9 /* PlantList.swift */; };
		8154E48C273C35340070B0E9 /* Plants.reducer.swift in Sources */ = {isa = PBXBuildFile; fileRef = 8154E48B273C35340070B0E9 /* Plants.reducer.swift */; };
		8154E48E273C35450070B0E9 /* Plants.state.swift in Sources */ = {isa = PBXBuildFile; fileRef = 8154E48D273C35450070B0E9 /* Plants.state.swift */; };
		8154E490273C35560070B0E9 /* Plants.actions.swift in Sources */ = {isa = PBXBuildFile; fileRef = 8154E48F273C35560070B0E9 /* Plants.actions.swift */; };
		8154E492273C369A0070B0E9 /* ReSwift-select.swift in Sources */ = {isa = PBXBuildFile; fileRef = 8154E491273C369A0070B0E9 /* ReSwift-select.swift */; };
		8154E494273C37500070B0E9 /* Plants.selectors.swift in Sources */ = {isa = PBXBuildFile; fileRef = 8154E493273C37500070B0E9 /* Plants.selectors.swift */; };
		8154E496273C38410070B0E9 /* PlantCare.selectors.swift in Sources */ = {isa = PBXBuildFile; fileRef = 8154E495273C38410070B0E9 /* PlantCare.selectors.swift */; };
		8154E498273C751C0070B0E9 /* FullScreenImage.swift in Sources */ = {isa = PBXBuildFile; fileRef = 8154E497273C751C0070B0E9 /* FullScreenImage.swift */; };
		8159F6332734742200537276 /* env.swift in Sources */ = {isa = PBXBuildFile; fileRef = 8159F6322734742200537276 /* env.swift */; };
		8159F6372734780E00537276 /* Auth0.plist in Resources */ = {isa = PBXBuildFile; fileRef = 8159F6362734780E00537276 /* Auth0.plist */; };
		8159F6392734784100537276 /* env_template.swift in Sources */ = {isa = PBXBuildFile; fileRef = 8159F6382734784100537276 /* env_template.swift */; };
		8159F63B2734791800537276 /* Auth0_template.plist in Resources */ = {isa = PBXBuildFile; fileRef = 8159F63A2734791800537276 /* Auth0_template.plist */; };
		8159F64027347B2800537276 /* PlantCare.reducer.swift in Sources */ = {isa = PBXBuildFile; fileRef = 8159F63F27347B2800537276 /* PlantCare.reducer.swift */; };
		8159F64227347B9E00537276 /* Store.swift in Sources */ = {isa = PBXBuildFile; fileRef = 8159F64127347B9E00537276 /* Store.swift */; };
		8159F64427347BF000537276 /* PlantCare.state.swift in Sources */ = {isa = PBXBuildFile; fileRef = 8159F64327347BF000537276 /* PlantCare.state.swift */; };
		8159F64627347C2700537276 /* PlantCare.actions.swift in Sources */ = {isa = PBXBuildFile; fileRef = 8159F64527347C2700537276 /* PlantCare.actions.swift */; };
		8159F64927347E4000537276 /* ObservableState.swift in Sources */ = {isa = PBXBuildFile; fileRef = 8159F64827347E4000537276 /* ObservableState.swift */; };
		8159F64C27347F8A00537276 /* AuthApi.swift in Sources */ = {isa = PBXBuildFile; fileRef = 8159F64B27347F8A00537276 /* AuthApi.swift */; };
		8159F64F273580CC00537276 /* InitialOnBoarding.swift in Sources */ = {isa = PBXBuildFile; fileRef = 8159F64E273580CC00537276 /* InitialOnBoarding.swift */; };
		8159F65527358E9200537276 /* LabelTextField.swift in Sources */ = {isa = PBXBuildFile; fileRef = 8159F65427358E9200537276 /* LabelTextField.swift */; };
		8159F65C2736FA5300537276 /* Mulish-Regular.ttf in Resources */ = {isa = PBXBuildFile; fileRef = 8159F65A2736FA5300537276 /* Mulish-Regular.ttf */; };
		8159F65D2736FA5300537276 /* Mulish-Bold.ttf in Resources */ = {isa = PBXBuildFile; fileRef = 8159F65B2736FA5300537276 /* Mulish-Bold.ttf */; };
		8159F65F2736FBD600537276 /* Mulish-ExtraBold.ttf in Resources */ = {isa = PBXBuildFile; fileRef = 8159F65E2736FBD600537276 /* Mulish-ExtraBold.ttf */; };
		8F943390F2F5C2C354043DB9 /* Pods_PlantCare.framework in Frameworks */ = {isa = PBXBuildFile; fileRef = 4B43EE422B022ED8EED2A8BF /* Pods_PlantCare.framework */; };
/* End PBXBuildFile section */

/* Begin PBXFileReference section */
		4B43EE422B022ED8EED2A8BF /* Pods_PlantCare.framework */ = {isa = PBXFileReference; explicitFileType = wrapper.framework; includeInIndex = 0; path = Pods_PlantCare.framework; sourceTree = BUILT_PRODUCTS_DIR; };
		4FF52CD9BE2AC2A65C63DC79 /* Pods-PlantCare.release.xcconfig */ = {isa = PBXFileReference; includeInIndex = 1; lastKnownFileType = text.xcconfig; name = "Pods-PlantCare.release.xcconfig"; path = "Target Support Files/Pods-PlantCare/Pods-PlantCare.release.xcconfig"; sourceTree = "<group>"; };
		811819B6273EE11000F0994B /* PlantDetailsImage.swift */ = {isa = PBXFileReference; lastKnownFileType = sourcecode.swift; path = PlantDetailsImage.swift; sourceTree = "<group>"; };
		811819B8273EE44300F0994B /* PlantDetailsHeader.swift */ = {isa = PBXFileReference; lastKnownFileType = sourcecode.swift; path = PlantDetailsHeader.swift; sourceTree = "<group>"; };
		811819BF273F13EA00F0994B /* DetailsViewDismissButton.swift */ = {isa = PBXFileReference; lastKnownFileType = sourcecode.swift; path = DetailsViewDismissButton.swift; sourceTree = "<group>"; };
		811819C1273F4F0400F0994B /* PlantDetails.swift */ = {isa = PBXFileReference; lastKnownFileType = sourcecode.swift; path = PlantDetails.swift; sourceTree = "<group>"; };
		811819C327403A8300F0994B /* ScrollRefreshable.swift */ = {isa = PBXFileReference; lastKnownFileType = sourcecode.swift; path = ScrollRefreshable.swift; sourceTree = "<group>"; };
		8125926D2730320F00BCBD7E /* PlantCare.app */ = {isa = PBXFileReference; explicitFileType = wrapper.application; includeInIndex = 0; path = PlantCare.app; sourceTree = BUILT_PRODUCTS_DIR; };
		812592702730320F00BCBD7E /* PlantCareApp.swift */ = {isa = PBXFileReference; lastKnownFileType = sourcecode.swift; path = PlantCareApp.swift; sourceTree = "<group>"; };
		812592722730320F00BCBD7E /* ContentView.swift */ = {isa = PBXFileReference; lastKnownFileType = sourcecode.swift; path = ContentView.swift; sourceTree = "<group>"; };
		812592742730321000BCBD7E /* Assets.xcassets */ = {isa = PBXFileReference; lastKnownFileType = folder.assetcatalog; path = Assets.xcassets; sourceTree = "<group>"; };
		812592772730321000BCBD7E /* Preview Assets.xcassets */ = {isa = PBXFileReference; lastKnownFileType = folder.assetcatalog; path = "Preview Assets.xcassets"; sourceTree = "<group>"; };
		812592992730341900BCBD7E /* AppDelegate.swift */ = {isa = PBXFileReference; lastKnownFileType = sourcecode.swift; path = AppDelegate.swift; sourceTree = "<group>"; };
		812592A227303AD800BCBD7E /* Info.plist */ = {isa = PBXFileReference; lastKnownFileType = text.plist.xml; path = Info.plist; sourceTree = "<group>"; };
		812592A427303FE100BCBD7E /* UserData.swift */ = {isa = PBXFileReference; lastKnownFileType = sourcecode.swift; path = UserData.swift; sourceTree = "<group>"; };
		8154E43B27397F800070B0E9 /* OnboardingInfoConfirmation.swift */ = {isa = PBXFileReference; lastKnownFileType = sourcecode.swift; path = OnboardingInfoConfirmation.swift; sourceTree = "<group>"; };
		8154E43D273980950070B0E9 /* OnboardingWelcome.swift */ = {isa = PBXFileReference; lastKnownFileType = sourcecode.swift; path = OnboardingWelcome.swift; sourceTree = "<group>"; };
		8154E440273983740070B0E9 /* LoadingScreen.swift */ = {isa = PBXFileReference; lastKnownFileType = sourcecode.swift; path = LoadingScreen.swift; sourceTree = "<group>"; };
		8154E443273984AE0070B0E9 /* LoginScreen.swift */ = {isa = PBXFileReference; lastKnownFileType = sourcecode.swift; path = LoginScreen.swift; sourceTree = "<group>"; };
		8154E44B27399D4B0070B0E9 /* BottomNavigationBar.swift */ = {isa = PBXFileReference; lastKnownFileType = sourcecode.swift; path = BottomNavigationBar.swift; sourceTree = "<group>"; };
		8154E44D2739A86E0070B0E9 /* MainContainer.swift */ = {isa = PBXFileReference; lastKnownFileType = sourcecode.swift; path = MainContainer.swift; sourceTree = "<group>"; };
		8154E4502739A9930070B0E9 /* BottomBarSection.swift */ = {isa = PBXFileReference; lastKnownFileType = sourcecode.swift; path = BottomBarSection.swift; sourceTree = "<group>"; };
		8154E4522739C4F50070B0E9 /* Home.swift */ = {isa = PBXFileReference; lastKnownFileType = sourcecode.swift; path = Home.swift; sourceTree = "<group>"; };
		8154E4562739C5770070B0E9 /* MyPlants.swift */ = {isa = PBXFileReference; lastKnownFileType = sourcecode.swift; path = MyPlants.swift; sourceTree = "<group>"; };
		8154E4582739C58D0070B0E9 /* Settings.swift */ = {isa = PBXFileReference; lastKnownFileType = sourcecode.swift; path = Settings.swift; sourceTree = "<group>"; };
		8154E45B2739CFDA0070B0E9 /* SearchField.swift */ = {isa = PBXFileReference; lastKnownFileType = sourcecode.swift; path = SearchField.swift; sourceTree = "<group>"; };
		8154E45E273AEA570070B0E9 /* ArrayExtensions.swift */ = {isa = PBXFileReference; lastKnownFileType = sourcecode.swift; path = ArrayExtensions.swift; sourceTree = "<group>"; };
		8154E460273AEA910070B0E9 /* ViewExtensions.swift */ = {isa = PBXFileReference; lastKnownFileType = sourcecode.swift; path = ViewExtensions.swift; sourceTree = "<group>"; };
		8154E465273AFF450070B0E9 /* PlantListingActionBar.swift */ = {isa = PBXFileReference; lastKnownFileType = sourcecode.swift; path = PlantListingActionBar.swift; sourceTree = "<group>"; };
		8154E467273B00440070B0E9 /* PlantList.swift */ = {isa = PBXFileReference; lastKnownFileType = sourcecode.swift; path = PlantList.swift; sourceTree = "<group>"; };
		8154E48B273C35340070B0E9 /* Plants.reducer.swift */ = {isa = PBXFileReference; lastKnownFileType = sourcecode.swift; path = Plants.reducer.swift; sourceTree = "<group>"; };
		8154E48D273C35450070B0E9 /* Plants.state.swift */ = {isa = PBXFileReference; lastKnownFileType = sourcecode.swift; path = Plants.state.swift; sourceTree = "<group>"; };
		8154E48F273C35560070B0E9 /* Plants.actions.swift */ = {isa = PBXFileReference; lastKnownFileType = sourcecode.swift; path = Plants.actions.swift; sourceTree = "<group>"; };
		8154E491273C369A0070B0E9 /* ReSwift-select.swift */ = {isa = PBXFileReference; lastKnownFileType = sourcecode.swift; path = "ReSwift-select.swift"; sourceTree = "<group>"; };
		8154E493273C37500070B0E9 /* Plants.selectors.swift */ = {isa = PBXFileReference; lastKnownFileType = sourcecode.swift; path = Plants.selectors.swift; sourceTree = "<group>"; };
		8154E495273C38410070B0E9 /* PlantCare.selectors.swift */ = {isa = PBXFileReference; lastKnownFileType = sourcecode.swift; path = PlantCare.selectors.swift; sourceTree = "<group>"; };
		8154E497273C751C0070B0E9 /* FullScreenImage.swift */ = {isa = PBXFileReference; lastKnownFileType = sourcecode.swift; path = FullScreenImage.swift; sourceTree = "<group>"; };
		8159F6322734742200537276 /* env.swift */ = {isa = PBXFileReference; lastKnownFileType = sourcecode.swift; path = env.swift; sourceTree = "<group>"; };
		8159F6362734780E00537276 /* Auth0.plist */ = {isa = PBXFileReference; lastKnownFileType = text.plist.xml; path = Auth0.plist; sourceTree = "<group>"; };
		8159F6382734784100537276 /* env_template.swift */ = {isa = PBXFileReference; lastKnownFileType = sourcecode.swift; path = env_template.swift; sourceTree = "<group>"; };
		8159F63A2734791800537276 /* Auth0_template.plist */ = {isa = PBXFileReference; lastKnownFileType = text.plist.xml; path = Auth0_template.plist; sourceTree = "<group>"; };
		8159F63F27347B2800537276 /* PlantCare.reducer.swift */ = {isa = PBXFileReference; lastKnownFileType = sourcecode.swift; path = PlantCare.reducer.swift; sourceTree = "<group>"; };
		8159F64127347B9E00537276 /* Store.swift */ = {isa = PBXFileReference; lastKnownFileType = sourcecode.swift; path = Store.swift; sourceTree = "<group>"; };
		8159F64327347BF000537276 /* PlantCare.state.swift */ = {isa = PBXFileReference; lastKnownFileType = sourcecode.swift; path = PlantCare.state.swift; sourceTree = "<group>"; };
		8159F64527347C2700537276 /* PlantCare.actions.swift */ = {isa = PBXFileReference; lastKnownFileType = sourcecode.swift; path = PlantCare.actions.swift; sourceTree = "<group>"; };
		8159F64827347E4000537276 /* ObservableState.swift */ = {isa = PBXFileReference; lastKnownFileType = sourcecode.swift; path = ObservableState.swift; sourceTree = "<group>"; };
		8159F64B27347F8A00537276 /* AuthApi.swift */ = {isa = PBXFileReference; lastKnownFileType = sourcecode.swift; path = AuthApi.swift; sourceTree = "<group>"; };
		8159F64E273580CC00537276 /* InitialOnBoarding.swift */ = {isa = PBXFileReference; lastKnownFileType = sourcecode.swift; path = InitialOnBoarding.swift; sourceTree = "<group>"; };
		8159F65427358E9200537276 /* LabelTextField.swift */ = {isa = PBXFileReference; lastKnownFileType = sourcecode.swift; path = LabelTextField.swift; sourceTree = "<group>"; };
		8159F65A2736FA5300537276 /* Mulish-Regular.ttf */ = {isa = PBXFileReference; lastKnownFileType = file; path = "Mulish-Regular.ttf"; sourceTree = "<group>"; };
		8159F65B2736FA5300537276 /* Mulish-Bold.ttf */ = {isa = PBXFileReference; lastKnownFileType = file; path = "Mulish-Bold.ttf"; sourceTree = "<group>"; };
		8159F65E2736FBD600537276 /* Mulish-ExtraBold.ttf */ = {isa = PBXFileReference; lastKnownFileType = file; path = "Mulish-ExtraBold.ttf"; sourceTree = "<group>"; };
		A4746662E486736027FBD863 /* Pods-PlantCare.debug.xcconfig */ = {isa = PBXFileReference; includeInIndex = 1; lastKnownFileType = text.xcconfig; name = "Pods-PlantCare.debug.xcconfig"; path = "Target Support Files/Pods-PlantCare/Pods-PlantCare.debug.xcconfig"; sourceTree = "<group>"; };
/* End PBXFileReference section */

/* Begin PBXFrameworksBuildPhase section */
		8125926A2730320F00BCBD7E /* Frameworks */ = {
			isa = PBXFrameworksBuildPhase;
			buildActionMask = 2147483647;
			files = (
				811819BC273F089C00F0994B /* ImageViewer in Frameworks */,
				8F943390F2F5C2C354043DB9 /* Pods_PlantCare.framework in Frameworks */,
				811819BE273F089C00F0994B /* ImageViewerRemote in Frameworks */,
			);
			runOnlyForDeploymentPostprocessing = 0;
		};
/* End PBXFrameworksBuildPhase section */

/* Begin PBXGroup section */
		48196D8632FF2DB526C3EE54 /* Pods */ = {
			isa = PBXGroup;
			children = (
				A4746662E486736027FBD863 /* Pods-PlantCare.debug.xcconfig */,
				4FF52CD9BE2AC2A65C63DC79 /* Pods-PlantCare.release.xcconfig */,
			);
			path = Pods;
			sourceTree = "<group>";
		};
		811819B5273EE0FB00F0994B /* PlantDetails */ = {
			isa = PBXGroup;
			children = (
				811819B6273EE11000F0994B /* PlantDetailsImage.swift */,
				811819B8273EE44300F0994B /* PlantDetailsHeader.swift */,
				811819BF273F13EA00F0994B /* DetailsViewDismissButton.swift */,
				811819C1273F4F0400F0994B /* PlantDetails.swift */,
			);
			path = PlantDetails;
			sourceTree = "<group>";
		};
		812592642730320F00BCBD7E = {
			isa = PBXGroup;
			children = (
				8125926F2730320F00BCBD7E /* PlantCare */,
				8125926E2730320F00BCBD7E /* Products */,
				8125927E2730335900BCBD7E /* Frameworks */,
				48196D8632FF2DB526C3EE54 /* Pods */,
			);
			sourceTree = "<group>";
		};
		8125926E2730320F00BCBD7E /* Products */ = {
			isa = PBXGroup;
			children = (
				8125926D2730320F00BCBD7E /* PlantCare.app */,
			);
			name = Products;
			sourceTree = "<group>";
		};
		8125926F2730320F00BCBD7E /* PlantCare */ = {
			isa = PBXGroup;
			children = (
				8154E45D273AEA450070B0E9 /* extensions */,
				8159F65227358E6100537276 /* components */,
				8159F64D273580B900537276 /* screens */,
				8159F64A27347F7A00537276 /* api */,
				8159F64727347E2A00537276 /* utils */,
				8159F63C27347ADA00537276 /* modules */,
				812592A227303AD800BCBD7E /* Info.plist */,
				812592992730341900BCBD7E /* AppDelegate.swift */,
				812592702730320F00BCBD7E /* PlantCareApp.swift */,
				812592722730320F00BCBD7E /* ContentView.swift */,
				812592A427303FE100BCBD7E /* UserData.swift */,
				812592742730321000BCBD7E /* Assets.xcassets */,
				8159F6592736FA5300537276 /* mullish */,
				812592762730321000BCBD7E /* Preview Content */,
				8159F6322734742200537276 /* env.swift */,
				8159F6362734780E00537276 /* Auth0.plist */,
				8159F6382734784100537276 /* env_template.swift */,
				8159F63A2734791800537276 /* Auth0_template.plist */,
			);
			path = PlantCare;
			sourceTree = "<group>";
		};
		812592762730321000BCBD7E /* Preview Content */ = {
			isa = PBXGroup;
			children = (
				812592772730321000BCBD7E /* Preview Assets.xcassets */,
			);
			path = "Preview Content";
			sourceTree = "<group>";
		};
		8125927E2730335900BCBD7E /* Frameworks */ = {
			isa = PBXGroup;
			children = (
				4B43EE422B022ED8EED2A8BF /* Pods_PlantCare.framework */,
			);
			name = Frameworks;
			sourceTree = "<group>";
		};
		8154E43A27397F680070B0E9 /* components */ = {
			isa = PBXGroup;
			children = (
				8154E43B27397F800070B0E9 /* OnboardingInfoConfirmation.swift */,
				8154E43D273980950070B0E9 /* OnboardingWelcome.swift */,
			);
			path = components;
			sourceTree = "<group>";
		};
		8154E43F273983620070B0E9 /* LoadingScreen */ = {
			isa = PBXGroup;
			children = (
				8154E440273983740070B0E9 /* LoadingScreen.swift */,
			);
			path = LoadingScreen;
			sourceTree = "<group>";
		};
		8154E442273984A00070B0E9 /* LoginScreen */ = {
			isa = PBXGroup;
			children = (
				8154E443273984AE0070B0E9 /* LoginScreen.swift */,
			);
			path = LoginScreen;
			sourceTree = "<group>";
		};
		8154E44727399BB30070B0E9 /* Home */ = {
			isa = PBXGroup;
			children = (
				8154E4522739C4F50070B0E9 /* Home.swift */,
			);
			path = Home;
			sourceTree = "<group>";
		};
		8154E44827399BBF0070B0E9 /* Settings */ = {
			isa = PBXGroup;
			children = (
				8154E4582739C58D0070B0E9 /* Settings.swift */,
			);
			path = Settings;
			sourceTree = "<group>";
		};
		8154E44927399D300070B0E9 /* MainContainer */ = {
			isa = PBXGroup;
			children = (
				8154E44D2739A86E0070B0E9 /* MainContainer.swift */,
			);
			path = MainContainer;
			sourceTree = "<group>";
		};
		8154E44A27399D3A0070B0E9 /* BottomNavigationBar */ = {
			isa = PBXGroup;
			children = (
				8154E44F2739A97C0070B0E9 /* components */,
				8154E44B27399D4B0070B0E9 /* BottomNavigationBar.swift */,
			);
			path = BottomNavigationBar;
			sourceTree = "<group>";
		};
		8154E44F2739A97C0070B0E9 /* components */ = {
			isa = PBXGroup;
			children = (
				8154E4502739A9930070B0E9 /* BottomBarSection.swift */,
			);
			path = components;
			sourceTree = "<group>";
		};
		8154E4542739C5660070B0E9 /* MyPlants */ = {
			isa = PBXGroup;
			children = (
				8154E462273AFF1F0070B0E9 /* components */,
				8154E4562739C5770070B0E9 /* MyPlants.swift */,
			);
			path = MyPlants;
			sourceTree = "<group>";
		};
		8154E45A2739CFC40070B0E9 /* SearchField */ = {
			isa = PBXGroup;
			children = (
				8154E45B2739CFDA0070B0E9 /* SearchField.swift */,
			);
			path = SearchField;
			sourceTree = "<group>";
		};
		8154E45D273AEA450070B0E9 /* extensions */ = {
			isa = PBXGroup;
			children = (
				8154E45E273AEA570070B0E9 /* ArrayExtensions.swift */,
				8154E460273AEA910070B0E9 /* ViewExtensions.swift */,
			);
			path = extensions;
			sourceTree = "<group>";
		};
		8154E462273AFF1F0070B0E9 /* components */ = {
			isa = PBXGroup;
			children = (
				811819B5273EE0FB00F0994B /* PlantDetails */,
				8154E465273AFF450070B0E9 /* PlantListingActionBar.swift */,
				8154E467273B00440070B0E9 /* PlantList.swift */,
				8154E497273C751C0070B0E9 /* FullScreenImage.swift */,
			);
			path = components;
			sourceTree = "<group>";
		};
		8154E48A273C350F0070B0E9 /* Plants */ = {
			isa = PBXGroup;
			children = (
				8154E48B273C35340070B0E9 /* Plants.reducer.swift */,
				8154E48D273C35450070B0E9 /* Plants.state.swift */,
				8154E48F273C35560070B0E9 /* Plants.actions.swift */,
				8154E493273C37500070B0E9 /* Plants.selectors.swift */,
			);
			path = Plants;
			sourceTree = "<group>";
		};
		8159F63C27347ADA00537276 /* modules */ = {
			isa = PBXGroup;
			children = (
				8154E48A273C350F0070B0E9 /* Plants */,
				8159F63E27347B0500537276 /* PlantCare */,
				8159F64127347B9E00537276 /* Store.swift */,
			);
			path = modules;
			sourceTree = "<group>";
		};
		8159F63E27347B0500537276 /* PlantCare */ = {
			isa = PBXGroup;
			children = (
				8159F63F27347B2800537276 /* PlantCare.reducer.swift */,
				8159F64327347BF000537276 /* PlantCare.state.swift */,
				8159F64527347C2700537276 /* PlantCare.actions.swift */,
				8154E495273C38410070B0E9 /* PlantCare.selectors.swift */,
			);
			path = PlantCare;
			sourceTree = "<group>";
		};
		8159F64727347E2A00537276 /* utils */ = {
			isa = PBXGroup;
			children = (
				8159F64827347E4000537276 /* ObservableState.swift */,
				8154E491273C369A0070B0E9 /* ReSwift-select.swift */,
			);
			path = utils;
			sourceTree = "<group>";
		};
		8159F64A27347F7A00537276 /* api */ = {
			isa = PBXGroup;
			children = (
				8159F64B27347F8A00537276 /* AuthApi.swift */,
			);
			path = api;
			sourceTree = "<group>";
		};
		8159F64D273580B900537276 /* screens */ = {
			isa = PBXGroup;
			children = (
				8154E4542739C5660070B0E9 /* MyPlants */,
				8154E44927399D300070B0E9 /* MainContainer */,
				8154E44827399BBF0070B0E9 /* Settings */,
				8154E44727399BB30070B0E9 /* Home */,
				8154E442273984A00070B0E9 /* LoginScreen */,
				8154E43F273983620070B0E9 /* LoadingScreen */,
				8159F6562736F3C700537276 /* OnBoarding */,
			);
			path = screens;
			sourceTree = "<group>";
		};
		8159F65227358E6100537276 /* components */ = {
			isa = PBXGroup;
			children = (
				8154E45A2739CFC40070B0E9 /* SearchField */,
				8154E44A27399D3A0070B0E9 /* BottomNavigationBar */,
				8159F65327358E6700537276 /* LabelTextField */,
				811819C327403A8300F0994B /* ScrollRefreshable.swift */,
			);
			path = components;
			sourceTree = "<group>";
		};
		8159F65327358E6700537276 /* LabelTextField */ = {
			isa = PBXGroup;
			children = (
				8159F65427358E9200537276 /* LabelTextField.swift */,
			);
			path = LabelTextField;
			sourceTree = "<group>";
		};
		8159F6562736F3C700537276 /* OnBoarding */ = {
			isa = PBXGroup;
			children = (
				8154E43A27397F680070B0E9 /* components */,
				8159F64E273580CC00537276 /* InitialOnBoarding.swift */,
			);
			path = OnBoarding;
			sourceTree = "<group>";
		};
		8159F6592736FA5300537276 /* mullish */ = {
			isa = PBXGroup;
			children = (
				8159F65A2736FA5300537276 /* Mulish-Regular.ttf */,
				8159F65E2736FBD600537276 /* Mulish-ExtraBold.ttf */,
				8159F65B2736FA5300537276 /* Mulish-Bold.ttf */,
			);
			path = mullish;
			sourceTree = "<group>";
		};
/* End PBXGroup section */

/* Begin PBXNativeTarget section */
		8125926C2730320F00BCBD7E /* PlantCare */ = {
			isa = PBXNativeTarget;
			buildConfigurationList = 8125927B2730321000BCBD7E /* Build configuration list for PBXNativeTarget "PlantCare" */;
			buildPhases = (
				74DFD8FE324BDF63D2D5215F /* [CP] Check Pods Manifest.lock */,
				812592692730320F00BCBD7E /* Sources */,
				8125926A2730320F00BCBD7E /* Frameworks */,
				8125926B2730320F00BCBD7E /* Resources */,
				EE010B2444764FC8C50BEAAA /* [CP] Embed Pods Frameworks */,
			);
			buildRules = (
			);
			dependencies = (
			);
			name = PlantCare;
			packageProductDependencies = (
				811819BB273F089C00F0994B /* ImageViewer */,
				811819BD273F089C00F0994B /* ImageViewerRemote */,
			);
			productName = PlantCare;
			productReference = 8125926D2730320F00BCBD7E /* PlantCare.app */;
			productType = "com.apple.product-type.application";
		};
/* End PBXNativeTarget section */

/* Begin PBXProject section */
		812592652730320F00BCBD7E /* Project object */ = {
			isa = PBXProject;
			attributes = {
				BuildIndependentTargetsInParallel = 1;
				LastSwiftUpdateCheck = 1310;
				LastUpgradeCheck = 1310;
				TargetAttributes = {
					8125926C2730320F00BCBD7E = {
						CreatedOnToolsVersion = 13.1;
					};
				};
			};
			buildConfigurationList = 812592682730320F00BCBD7E /* Build configuration list for PBXProject "PlantCare" */;
			compatibilityVersion = "Xcode 13.0";
			developmentRegion = en;
			hasScannedForEncodings = 0;
			knownRegions = (
				en,
				Base,
			);
			mainGroup = 812592642730320F00BCBD7E;
			packageReferences = (
				811819BA273F089C00F0994B /* XCRemoteSwiftPackageReference "swiftui-image-viewer" */,
			);
			productRefGroup = 8125926E2730320F00BCBD7E /* Products */;
			projectDirPath = "";
			projectRoot = "";
			targets = (
				8125926C2730320F00BCBD7E /* PlantCare */,
			);
		};
/* End PBXProject section */

/* Begin PBXResourcesBuildPhase section */
		8125926B2730320F00BCBD7E /* Resources */ = {
			isa = PBXResourcesBuildPhase;
			buildActionMask = 2147483647;
			files = (
				812592782730321000BCBD7E /* Preview Assets.xcassets in Resources */,
				8159F6372734780E00537276 /* Auth0.plist in Resources */,
				812592752730321000BCBD7E /* Assets.xcassets in Resources */,
				8159F65D2736FA5300537276 /* Mulish-Bold.ttf in Resources */,
				8159F63B2734791800537276 /* Auth0_template.plist in Resources */,
				8159F65C2736FA5300537276 /* Mulish-Regular.ttf in Resources */,
				8159F65F2736FBD600537276 /* Mulish-ExtraBold.ttf in Resources */,
			);
			runOnlyForDeploymentPostprocessing = 0;
		};
/* End PBXResourcesBuildPhase section */

/* Begin PBXShellScriptBuildPhase section */
		74DFD8FE324BDF63D2D5215F /* [CP] Check Pods Manifest.lock */ = {
			isa = PBXShellScriptBuildPhase;
			buildActionMask = 2147483647;
			files = (
			);
			inputFileListPaths = (
			);
			inputPaths = (
				"${PODS_PODFILE_DIR_PATH}/Podfile.lock",
				"${PODS_ROOT}/Manifest.lock",
			);
			name = "[CP] Check Pods Manifest.lock";
			outputFileListPaths = (
			);
			outputPaths = (
				"$(DERIVED_FILE_DIR)/Pods-PlantCare-checkManifestLockResult.txt",
			);
			runOnlyForDeploymentPostprocessing = 0;
			shellPath = /bin/sh;
			shellScript = "diff \"${PODS_PODFILE_DIR_PATH}/Podfile.lock\" \"${PODS_ROOT}/Manifest.lock\" > /dev/null\nif [ $? != 0 ] ; then\n    # print error to STDERR\n    echo \"error: The sandbox is not in sync with the Podfile.lock. Run 'pod install' or update your CocoaPods installation.\" >&2\n    exit 1\nfi\n# This output is used by Xcode 'outputs' to avoid re-running this script phase.\necho \"SUCCESS\" > \"${SCRIPT_OUTPUT_FILE_0}\"\n";
			showEnvVarsInLog = 0;
		};
		EE010B2444764FC8C50BEAAA /* [CP] Embed Pods Frameworks */ = {
			isa = PBXShellScriptBuildPhase;
			buildActionMask = 2147483647;
			files = (
			);
			inputFileListPaths = (
				"${PODS_ROOT}/Target Support Files/Pods-PlantCare/Pods-PlantCare-frameworks-${CONFIGURATION}-input-files.xcfilelist",
			);
			name = "[CP] Embed Pods Frameworks";
			outputFileListPaths = (
				"${PODS_ROOT}/Target Support Files/Pods-PlantCare/Pods-PlantCare-frameworks-${CONFIGURATION}-output-files.xcfilelist",
			);
			runOnlyForDeploymentPostprocessing = 0;
			shellPath = /bin/sh;
			shellScript = "\"${PODS_ROOT}/Target Support Files/Pods-PlantCare/Pods-PlantCare-frameworks.sh\"\n";
			showEnvVarsInLog = 0;
		};
/* End PBXShellScriptBuildPhase section */

/* Begin PBXSourcesBuildPhase section */
		812592692730320F00BCBD7E /* Sources */ = {
			isa = PBXSourcesBuildPhase;
			buildActionMask = 2147483647;
			files = (
				8154E466273AFF450070B0E9 /* PlantListingActionBar.swift in Sources */,
				8154E498273C751C0070B0E9 /* FullScreenImage.swift in Sources */,
				811819C0273F13EA00F0994B /* DetailsViewDismissButton.swift in Sources */,
				8154E468273B00440070B0E9 /* PlantList.swift in Sources */,
				8154E4572739C5770070B0E9 /* MyPlants.swift in Sources */,
				8159F64C27347F8A00537276 /* AuthApi.swift in Sources */,
				8154E44C27399D4B0070B0E9 /* BottomNavigationBar.swift in Sources */,
				8154E43E273980950070B0E9 /* OnboardingWelcome.swift in Sources */,
				811819C2273F4F0400F0994B /* PlantDetails.swift in Sources */,
				8125929A2730341900BCBD7E /* AppDelegate.swift in Sources */,
				8159F64427347BF000537276 /* PlantCare.state.swift in Sources */,
				8154E48C273C35340070B0E9 /* Plants.reducer.swift in Sources */,
				8154E45C2739CFDA0070B0E9 /* SearchField.swift in Sources */,
				8159F6392734784100537276 /* env_template.swift in Sources */,
				811819C427403A8300F0994B /* ScrollRefreshable.swift in Sources */,
				8154E44E2739A86E0070B0E9 /* MainContainer.swift in Sources */,
				8154E496273C38410070B0E9 /* PlantCare.selectors.swift in Sources */,
				8154E441273983740070B0E9 /* LoadingScreen.swift in Sources */,
				812592732730320F00BCBD7E /* ContentView.swift in Sources */,
				811819B7273EE11000F0994B /* PlantDetailsImage.swift in Sources */,
				8154E48E273C35450070B0E9 /* Plants.state.swift in Sources */,
				8154E43C27397F800070B0E9 /* OnboardingInfoConfirmation.swift in Sources */,
				8159F64F273580CC00537276 /* InitialOnBoarding.swift in Sources */,
				8154E461273AEA910070B0E9 /* ViewExtensions.swift in Sources */,
				8154E45F273AEA570070B0E9 /* ArrayExtensions.swift in Sources */,
				8159F64227347B9E00537276 /* Store.swift in Sources */,
				8154E492273C369A0070B0E9 /* ReSwift-select.swift in Sources */,
				8159F64027347B2800537276 /* PlantCare.reducer.swift in Sources */,
				8154E444273984AE0070B0E9 /* LoginScreen.swift in Sources */,
				8154E4532739C4F50070B0E9 /* Home.swift in Sources */,
				812592A527303FE100BCBD7E /* UserData.swift in Sources */,
				8159F64627347C2700537276 /* PlantCare.actions.swift in Sources */,
				8154E4592739C58D0070B0E9 /* Settings.swift in Sources */,
				8154E4512739A9930070B0E9 /* BottomBarSection.swift in Sources */,
				8159F6332734742200537276 /* env.swift in Sources */,
				8154E494273C37500070B0E9 /* Plants.selectors.swift in Sources */,
				811819B9273EE44300F0994B /* PlantDetailsHeader.swift in Sources */,
				812592712730320F00BCBD7E /* PlantCareApp.swift in Sources */,
				8159F64927347E4000537276 /* ObservableState.swift in Sources */,
				8154E490273C35560070B0E9 /* Plants.actions.swift in Sources */,
				8159F65527358E9200537276 /* LabelTextField.swift in Sources */,
			);
			runOnlyForDeploymentPostprocessing = 0;
		};
/* End PBXSourcesBuildPhase section */

/* Begin XCBuildConfiguration section */
		812592792730321000BCBD7E /* Debug */ = {
			isa = XCBuildConfiguration;
			buildSettings = {
				ALWAYS_SEARCH_USER_PATHS = NO;
				CLANG_ANALYZER_NONNULL = YES;
				CLANG_ANALYZER_NUMBER_OBJECT_CONVERSION = YES_AGGRESSIVE;
				CLANG_CXX_LANGUAGE_STANDARD = "gnu++17";
				CLANG_CXX_LIBRARY = "libc++";
				CLANG_ENABLE_MODULES = YES;
				CLANG_ENABLE_OBJC_ARC = YES;
				CLANG_ENABLE_OBJC_WEAK = YES;
				CLANG_WARN_BLOCK_CAPTURE_AUTORELEASING = YES;
				CLANG_WARN_BOOL_CONVERSION = YES;
				CLANG_WARN_COMMA = YES;
				CLANG_WARN_CONSTANT_CONVERSION = YES;
				CLANG_WARN_DEPRECATED_OBJC_IMPLEMENTATIONS = YES;
				CLANG_WARN_DIRECT_OBJC_ISA_USAGE = YES_ERROR;
				CLANG_WARN_DOCUMENTATION_COMMENTS = YES;
				CLANG_WARN_EMPTY_BODY = YES;
				CLANG_WARN_ENUM_CONVERSION = YES;
				CLANG_WARN_INFINITE_RECURSION = YES;
				CLANG_WARN_INT_CONVERSION = YES;
				CLANG_WARN_NON_LITERAL_NULL_CONVERSION = YES;
				CLANG_WARN_OBJC_IMPLICIT_RETAIN_SELF = YES;
				CLANG_WARN_OBJC_LITERAL_CONVERSION = YES;
				CLANG_WARN_OBJC_ROOT_CLASS = YES_ERROR;
				CLANG_WARN_QUOTED_INCLUDE_IN_FRAMEWORK_HEADER = YES;
				CLANG_WARN_RANGE_LOOP_ANALYSIS = YES;
				CLANG_WARN_STRICT_PROTOTYPES = YES;
				CLANG_WARN_SUSPICIOUS_MOVE = YES;
				CLANG_WARN_UNGUARDED_AVAILABILITY = YES_AGGRESSIVE;
				CLANG_WARN_UNREACHABLE_CODE = YES;
				CLANG_WARN__DUPLICATE_METHOD_MATCH = YES;
				COPY_PHASE_STRIP = NO;
				DEBUG_INFORMATION_FORMAT = dwarf;
				ENABLE_STRICT_OBJC_MSGSEND = YES;
				ENABLE_TESTABILITY = YES;
				GCC_C_LANGUAGE_STANDARD = gnu11;
				GCC_DYNAMIC_NO_PIC = NO;
				GCC_NO_COMMON_BLOCKS = YES;
				GCC_OPTIMIZATION_LEVEL = 0;
				GCC_PREPROCESSOR_DEFINITIONS = (
					"DEBUG=1",
					"$(inherited)",
				);
				GCC_WARN_64_TO_32_BIT_CONVERSION = YES;
				GCC_WARN_ABOUT_RETURN_TYPE = YES_ERROR;
				GCC_WARN_UNDECLARED_SELECTOR = YES;
				GCC_WARN_UNINITIALIZED_AUTOS = YES_AGGRESSIVE;
				GCC_WARN_UNUSED_FUNCTION = YES;
				GCC_WARN_UNUSED_VARIABLE = YES;
				IPHONEOS_DEPLOYMENT_TARGET = 15.0;
				MTL_ENABLE_DEBUG_INFO = INCLUDE_SOURCE;
				MTL_FAST_MATH = YES;
				ONLY_ACTIVE_ARCH = YES;
				SDKROOT = iphoneos;
				SWIFT_ACTIVE_COMPILATION_CONDITIONS = DEBUG;
				SWIFT_OPTIMIZATION_LEVEL = "-Onone";
			};
			name = Debug;
		};
		8125927A2730321000BCBD7E /* Release */ = {
			isa = XCBuildConfiguration;
			buildSettings = {
				ALWAYS_SEARCH_USER_PATHS = NO;
				CLANG_ANALYZER_NONNULL = YES;
				CLANG_ANALYZER_NUMBER_OBJECT_CONVERSION = YES_AGGRESSIVE;
				CLANG_CXX_LANGUAGE_STANDARD = "gnu++17";
				CLANG_CXX_LIBRARY = "libc++";
				CLANG_ENABLE_MODULES = YES;
				CLANG_ENABLE_OBJC_ARC = YES;
				CLANG_ENABLE_OBJC_WEAK = YES;
				CLANG_WARN_BLOCK_CAPTURE_AUTORELEASING = YES;
				CLANG_WARN_BOOL_CONVERSION = YES;
				CLANG_WARN_COMMA = YES;
				CLANG_WARN_CONSTANT_CONVERSION = YES;
				CLANG_WARN_DEPRECATED_OBJC_IMPLEMENTATIONS = YES;
				CLANG_WARN_DIRECT_OBJC_ISA_USAGE = YES_ERROR;
				CLANG_WARN_DOCUMENTATION_COMMENTS = YES;
				CLANG_WARN_EMPTY_BODY = YES;
				CLANG_WARN_ENUM_CONVERSION = YES;
				CLANG_WARN_INFINITE_RECURSION = YES;
				CLANG_WARN_INT_CONVERSION = YES;
				CLANG_WARN_NON_LITERAL_NULL_CONVERSION = YES;
				CLANG_WARN_OBJC_IMPLICIT_RETAIN_SELF = YES;
				CLANG_WARN_OBJC_LITERAL_CONVERSION = YES;
				CLANG_WARN_OBJC_ROOT_CLASS = YES_ERROR;
				CLANG_WARN_QUOTED_INCLUDE_IN_FRAMEWORK_HEADER = YES;
				CLANG_WARN_RANGE_LOOP_ANALYSIS = YES;
				CLANG_WARN_STRICT_PROTOTYPES = YES;
				CLANG_WARN_SUSPICIOUS_MOVE = YES;
				CLANG_WARN_UNGUARDED_AVAILABILITY = YES_AGGRESSIVE;
				CLANG_WARN_UNREACHABLE_CODE = YES;
				CLANG_WARN__DUPLICATE_METHOD_MATCH = YES;
				COPY_PHASE_STRIP = NO;
				DEBUG_INFORMATION_FORMAT = "dwarf-with-dsym";
				ENABLE_NS_ASSERTIONS = NO;
				ENABLE_STRICT_OBJC_MSGSEND = YES;
				GCC_C_LANGUAGE_STANDARD = gnu11;
				GCC_NO_COMMON_BLOCKS = YES;
				GCC_WARN_64_TO_32_BIT_CONVERSION = YES;
				GCC_WARN_ABOUT_RETURN_TYPE = YES_ERROR;
				GCC_WARN_UNDECLARED_SELECTOR = YES;
				GCC_WARN_UNINITIALIZED_AUTOS = YES_AGGRESSIVE;
				GCC_WARN_UNUSED_FUNCTION = YES;
				GCC_WARN_UNUSED_VARIABLE = YES;
				IPHONEOS_DEPLOYMENT_TARGET = 15.0;
				MTL_ENABLE_DEBUG_INFO = NO;
				MTL_FAST_MATH = YES;
				SDKROOT = iphoneos;
				SWIFT_COMPILATION_MODE = wholemodule;
				SWIFT_OPTIMIZATION_LEVEL = "-O";
				VALIDATE_PRODUCT = YES;
			};
			name = Release;
		};
		8125927C2730321000BCBD7E /* Debug */ = {
			isa = XCBuildConfiguration;
			baseConfigurationReference = A4746662E486736027FBD863 /* Pods-PlantCare.debug.xcconfig */;
			buildSettings = {
				ASSETCATALOG_COMPILER_APPICON_NAME = AppIcon;
				ASSETCATALOG_COMPILER_GLOBAL_ACCENT_COLOR_NAME = AccentColor;
				CLANG_ALLOW_NON_MODULAR_INCLUDES_IN_FRAMEWORK_MODULES = NO;
				CODE_SIGN_STYLE = Automatic;
				CURRENT_PROJECT_VERSION = 1;
				DEVELOPMENT_ASSET_PATHS = "\"PlantCare/Preview Content\"";
				DEVELOPMENT_TEAM = FQZEM45HL6;
				ENABLE_PREVIEWS = YES;
				GENERATE_INFOPLIST_FILE = NO;
				INFOPLIST_FILE = /Users/ericalas/Developer/Swift/PlantCare/PlantCare/Info.plist;
				INFOPLIST_KEY_UIApplicationSceneManifest_Generation = YES;
				INFOPLIST_KEY_UIApplicationSupportsIndirectInputEvents = YES;
				INFOPLIST_KEY_UILaunchScreen_Generation = YES;
				INFOPLIST_KEY_UISupportedInterfaceOrientations_iPad = "UIInterfaceOrientationPortrait UIInterfaceOrientationPortraitUpsideDown UIInterfaceOrientationLandscapeLeft UIInterfaceOrientationLandscapeRight";
				INFOPLIST_KEY_UISupportedInterfaceOrientations_iPhone = "UIInterfaceOrientationPortrait UIInterfaceOrientationLandscapeLeft UIInterfaceOrientationLandscapeRight";
				LD_RUNPATH_SEARCH_PATHS = (
					"$(inherited)",
					"@executable_path/Frameworks",
				);
				MARKETING_VERSION = 1.0;
				PRODUCT_BUNDLE_IDENTIFIER = com.eric.PlantCare;
				PRODUCT_NAME = "$(TARGET_NAME)";
				SWIFT_EMIT_LOC_STRINGS = YES;
				SWIFT_VERSION = 5.0;
				TARGETED_DEVICE_FAMILY = "1,2";
			};
			name = Debug;
		};
		8125927D2730321000BCBD7E /* Release */ = {
			isa = XCBuildConfiguration;
			baseConfigurationReference = 4FF52CD9BE2AC2A65C63DC79 /* Pods-PlantCare.release.xcconfig */;
			buildSettings = {
				ASSETCATALOG_COMPILER_APPICON_NAME = AppIcon;
				ASSETCATALOG_COMPILER_GLOBAL_ACCENT_COLOR_NAME = AccentColor;
				CLANG_ALLOW_NON_MODULAR_INCLUDES_IN_FRAMEWORK_MODULES = NO;
				CODE_SIGN_STYLE = Automatic;
				CURRENT_PROJECT_VERSION = 1;
				DEVELOPMENT_ASSET_PATHS = "\"PlantCare/Preview Content\"";
				DEVELOPMENT_TEAM = FQZEM45HL6;
				ENABLE_PREVIEWS = YES;
				GENERATE_INFOPLIST_FILE = NO;
				INFOPLIST_FILE = /Users/ericalas/Developer/Swift/PlantCare/PlantCare/Info.plist;
				INFOPLIST_KEY_UIApplicationSceneManifest_Generation = YES;
				INFOPLIST_KEY_UIApplicationSupportsIndirectInputEvents = YES;
				INFOPLIST_KEY_UILaunchScreen_Generation = YES;
				INFOPLIST_KEY_UISupportedInterfaceOrientations_iPad = "UIInterfaceOrientationPortrait UIInterfaceOrientationPortraitUpsideDown UIInterfaceOrientationLandscapeLeft UIInterfaceOrientationLandscapeRight";
				INFOPLIST_KEY_UISupportedInterfaceOrientations_iPhone = "UIInterfaceOrientationPortrait UIInterfaceOrientationLandscapeLeft UIInterfaceOrientationLandscapeRight";
				LD_RUNPATH_SEARCH_PATHS = (
					"$(inherited)",
					"@executable_path/Frameworks",
				);
				MARKETING_VERSION = 1.0;
				PRODUCT_BUNDLE_IDENTIFIER = com.eric.PlantCare;
				PRODUCT_NAME = "$(TARGET_NAME)";
				SWIFT_EMIT_LOC_STRINGS = YES;
				SWIFT_VERSION = 5.0;
				TARGETED_DEVICE_FAMILY = "1,2";
			};
			name = Release;
		};
/* End XCBuildConfiguration section */

/* Begin XCConfigurationList section */
		812592682730320F00BCBD7E /* Build configuration list for PBXProject "PlantCare" */ = {
			isa = XCConfigurationList;
			buildConfigurations = (
				812592792730321000BCBD7E /* Debug */,
				8125927A2730321000BCBD7E /* Release */,
			);
			defaultConfigurationIsVisible = 0;
			defaultConfigurationName = Release;
		};
		8125927B2730321000BCBD7E /* Build configuration list for PBXNativeTarget "PlantCare" */ = {
			isa = XCConfigurationList;
			buildConfigurations = (
				8125927C2730321000BCBD7E /* Debug */,
				8125927D2730321000BCBD7E /* Release */,
			);
			defaultConfigurationIsVisible = 0;
			defaultConfigurationName = Release;
		};
/* End XCConfigurationList section */

/* Begin XCRemoteSwiftPackageReference section */
		811819BA273F089C00F0994B /* XCRemoteSwiftPackageReference "swiftui-image-viewer" */ = {
			isa = XCRemoteSwiftPackageReference;
			repositoryURL = "https://github.com/Jake-Short/swiftui-image-viewer.git";
			requirement = {
				kind = exactVersion;
				version = 2.3.1;
			};
		};
/* End XCRemoteSwiftPackageReference section */

/* Begin XCSwiftPackageProductDependency section */
		811819BB273F089C00F0994B /* ImageViewer */ = {
			isa = XCSwiftPackageProductDependency;
			package = 811819BA273F089C00F0994B /* XCRemoteSwiftPackageReference "swiftui-image-viewer" */;
			productName = ImageViewer;
		};
		811819BD273F089C00F0994B /* ImageViewerRemote */ = {
			isa = XCSwiftPackageProductDependency;
			package = 811819BA273F089C00F0994B /* XCRemoteSwiftPackageReference "swiftui-image-viewer" */;
			productName = ImageViewerRemote;
		};
/* End XCSwiftPackageProductDependency section */
	};
	rootObject = 812592652730320F00BCBD7E /* Project object */;
}
